# THIS IS AN AUTOGENERATED FILE. DO NOT EDIT THIS FILE DIRECTLY.
# yarn lockfile v1


"@types/core-js@^2.5.5":
  version "2.5.5"
  resolved "https://registry.npmmirror.com/@types/core-js/-/core-js-2.5.5.tgz#dc5a013ee0b23bd5ac126403854fadabb4f24f75"
  integrity sha512-C4vwOHrhsvxn7UFyk4NDQNUpgNKdWsT/bL39UWyD75KSEOObZSKa9mYDOCM5FGeJG2qtbG0XiEbUKND2+j0WOg==
